
Microsoft Visual Studio Solution File, Format Version 12.00
# Visual Studio Version 17
VisualStudioVersion = 17.6.33723.286
MinimumVisualStudioVersion = 10.0.40219.1
Project("{FAE04EC0-301F-11D3-BF4B-00C04F79EFBC}") = "Question 2", "Question 2\Question 2.csproj", "{1F009470-5B7C-4A86-B1EB-9C3D96AFF36A}"
EndProject
Global
	GlobalSection(SolutionConfigurationPlatforms) = preSolution
		Debug|Any CPU = Debug|Any CPU
		Release|Any CPU = Release|Any CPU
	EndGlobalSection
	GlobalSection(ProjectConfigurationPlatforms) = postSolution
		{1F009470-5B7C-4A86-B1EB-9C3D96AFF36A}.Debug|Any CPU.ActiveCfg = Debug|Any CPU
		{1F009470-5B7C-4A86-B1EB-9C3D96AFF36A}.Debug|Any CPU.Build.0 = Debug|Any CPU
		{1F009470-5B7C-4A86-B1EB-9C3D96AFF36A}.Release|Any CPU.ActiveCfg = Release|Any CPU
		{1F009470-5B7C-4A86-B1EB-9C3D96AFF36A}.Release|Any CPU.Build.0 = Release|Any CPU
	EndGlobalSection
	GlobalSection(SolutionProperties) = preSolution
		HideSolutionNode = FALSE
	EndGlobalSection
	GlobalSection(ExtensibilityGlobals) = postSolution
		SolutionGuid = {8CC29489-F7A8-4A8B-8F60-903C2AEC0C0F}
	EndGlobalSection
EndGlobal
